
Microsoft Visual Studio Solution File, Format Version 12.00
# Visual Studio Version 16
VisualStudioVersion = 16.0.810.21
MinimumVisualStudioVersion = 10.0.40219.1
Project("{FAE04EC0-301F-11D3-BF4B-00C04F79EFBC}") = "PlatiWebsite", "PlatiWebsite.csproj", "{62425EB0-1943-4F78-BA3F-96310E0A2221}"
EndProject
Global
	GlobalSection(SolutionConfigurationPlatforms) = preSolution
		Debug|Any CPU = Debug|Any CPU
		Release|Any CPU = Release|Any CPU
	EndGlobalSection
	GlobalSection(ProjectConfigurationPlatforms) = postSolution
		{62425EB0-1943-4F78-BA3F-96310E0A2221}.Debug|Any CPU.ActiveCfg = Debug|Any CPU
		{62425EB0-1943-4F78-BA3F-96310E0A2221}.Debug|Any CPU.Build.0 = Debug|Any CPU
		{62425EB0-1943-4F78-BA3F-96310E0A2221}.Release|Any CPU.ActiveCfg = Release|Any CPU
		{62425EB0-1943-4F78-BA3F-96310E0A2221}.Release|Any CPU.Build.0 = Release|Any CPU
	EndGlobalSection
	GlobalSection(SolutionProperties) = preSolution
		HideSolutionNode = FALSE
	EndGlobalSection
	GlobalSection(ExtensibilityGlobals) = postSolution
		SolutionGuid = {0B7921FB-DEF2-4CFF-ACC2-A2B8282BD5E8}
	EndGlobalSection
EndGlobal
